
Microsoft Visual Studio Solution File, Format Version 12.00
# Visual Studio Version 17
VisualStudioVersion = 17.5.33516.290
MinimumVisualStudioVersion = 10.0.40219.1
Project("{FAE04EC0-301F-11D3-BF4B-00C04F79EFBC}") = "MinecraftServerStatusChecker", "MinecraftServerStatusChecker.csproj", "{46A0EFEF-C732-4C04-8DB0-9BE7DEE81522}"
EndProject
Global
	GlobalSection(SolutionConfigurationPlatforms) = preSolution
		Debug|Any CPU = Debug|Any CPU
		Release|Any CPU = Release|Any CPU
	EndGlobalSection
	GlobalSection(ProjectConfigurationPlatforms) = postSolution
		{46A0EFEF-C732-4C04-8DB0-9BE7DEE81522}.Debug|Any CPU.ActiveCfg = Debug|Any CPU
		{46A0EFEF-C732-4C04-8DB0-9BE7DEE81522}.Debug|Any CPU.Build.0 = Debug|Any CPU
		{46A0EFEF-C732-4C04-8DB0-9BE7DEE81522}.Release|Any CPU.ActiveCfg = Release|Any CPU
		{46A0EFEF-C732-4C04-8DB0-9BE7DEE81522}.Release|Any CPU.Build.0 = Release|Any CPU
	EndGlobalSection
	GlobalSection(SolutionProperties) = preSolution
		HideSolutionNode = FALSE
	EndGlobalSection
	GlobalSection(ExtensibilityGlobals) = postSolution
		SolutionGuid = {2E761BDC-5086-4428-9585-CF7100FCE1BC}
	EndGlobalSection
EndGlobal
